
Microsoft Visual Studio Solution File, Format Version 12.00
# Visual Studio Version 17
VisualStudioVersion = 17.4.33213.308
MinimumVisualStudioVersion = 10.0.40219.1
Project("{FAE04EC0-301F-11D3-BF4B-00C04F79EFBC}") = "SChhetriAssignment1", "SChhetriAssignment1\SChhetriAssignment1.csproj", "{F46C36BD-5655-4522-B340-0BE4CD3F13F3}"
EndProject
Global
	GlobalSection(SolutionConfigurationPlatforms) = preSolution
		Debug|Any CPU = Debug|Any CPU
		Release|Any CPU = Release|Any CPU
	EndGlobalSection
	GlobalSection(ProjectConfigurationPlatforms) = postSolution
		{F46C36BD-5655-4522-B340-0BE4CD3F13F3}.Debug|Any CPU.ActiveCfg = Debug|Any CPU
		{F46C36BD-5655-4522-B340-0BE4CD3F13F3}.Debug|Any CPU.Build.0 = Debug|Any CPU
		{F46C36BD-5655-4522-B340-0BE4CD3F13F3}.Release|Any CPU.ActiveCfg = Release|Any CPU
		{F46C36BD-5655-4522-B340-0BE4CD3F13F3}.Release|Any CPU.Build.0 = Release|Any CPU
	EndGlobalSection
	GlobalSection(SolutionProperties) = preSolution
		HideSolutionNode = FALSE
	EndGlobalSection
	GlobalSection(ExtensibilityGlobals) = postSolution
		SolutionGuid = {EE8E1884-C901-4B65-A56D-4E4F936C39B8}
	EndGlobalSection
EndGlobal
